
Microsoft Visual Studio Solution File, Format Version 12.00
# Visual Studio 15
VisualStudioVersion = 15.0.28307.2092
MinimumVisualStudioVersion = 10.0.40219.1
Project("{FAE04EC0-301F-11D3-BF4B-00C04F79EFBC}") = "JobPortal2", "JobPortal2\JobPortal2.csproj", "{3265F04A-2B1A-4AB7-AC50-3FDC05F2F617}"
EndProject
Project("{FAE04EC0-301F-11D3-BF4B-00C04F79EFBC}") = "WebApplication5", "..\Projects\WebApplication5\WebApplication5\WebApplication5.csproj", "{581C58C9-2C60-409F-977D-24945D80BD42}"
EndProject
Project("{FAE04EC0-301F-11D3-BF4B-00C04F79EFBC}") = "ShopingDokan", "..\ShopingDokan\ShopingDokan\ShopingDokan.csproj", "{1C682C7D-8B0C-4A77-A7E1-B337D836D101}"
EndProject
Global
	GlobalSection(SolutionConfigurationPlatforms) = preSolution
		Debug|Any CPU = Debug|Any CPU
		Release|Any CPU = Release|Any CPU
	EndGlobalSection
	GlobalSection(ProjectConfigurationPlatforms) = postSolution
		{3265F04A-2B1A-4AB7-AC50-3FDC05F2F617}.Debug|Any CPU.ActiveCfg = Debug|Any CPU
		{3265F04A-2B1A-4AB7-AC50-3FDC05F2F617}.Debug|Any CPU.Build.0 = Debug|Any CPU
		{3265F04A-2B1A-4AB7-AC50-3FDC05F2F617}.Release|Any CPU.ActiveCfg = Release|Any CPU
		{3265F04A-2B1A-4AB7-AC50-3FDC05F2F617}.Release|Any CPU.Build.0 = Release|Any CPU
		{581C58C9-2C60-409F-977D-24945D80BD42}.Debug|Any CPU.ActiveCfg = Debug|Any CPU
		{581C58C9-2C60-409F-977D-24945D80BD42}.Debug|Any CPU.Build.0 = Debug|Any CPU
		{581C58C9-2C60-409F-977D-24945D80BD42}.Release|Any CPU.ActiveCfg = Release|Any CPU
		{581C58C9-2C60-409F-977D-24945D80BD42}.Release|Any CPU.Build.0 = Release|Any CPU
		{1C682C7D-8B0C-4A77-A7E1-B337D836D101}.Debug|Any CPU.ActiveCfg = Debug|Any CPU
		{1C682C7D-8B0C-4A77-A7E1-B337D836D101}.Debug|Any CPU.Build.0 = Debug|Any CPU
		{1C682C7D-8B0C-4A77-A7E1-B337D836D101}.Release|Any CPU.ActiveCfg = Release|Any CPU
		{1C682C7D-8B0C-4A77-A7E1-B337D836D101}.Release|Any CPU.Build.0 = Release|Any CPU
	EndGlobalSection
	GlobalSection(SolutionProperties) = preSolution
		HideSolutionNode = FALSE
	EndGlobalSection
	GlobalSection(ExtensibilityGlobals) = postSolution
		SolutionGuid = {33B5465A-C581-4047-B537-DD0068B75B43}
	EndGlobalSection
EndGlobal
